// !$*UTF8*$!
{
	archiveVersion = 1;
	classes = {
	};
	objectVersion = 55;
	objects = {

/* Begin PBXBuildFile section */
		9499B0542795DC7000EEDB36 /* AppDelegate.swift in Sources */ = {isa = PBXBuildFile; fileRef = 9499B0532795DC7000EEDB36 /* AppDelegate.swift */; };
		9499B0562795DC7000EEDB36 /* SceneDelegate.swift in Sources */ = {isa = PBXBuildFile; fileRef = 9499B0552795DC7000EEDB36 /* SceneDelegate.swift */; };
		9499B0582795DC7000EEDB36 /* ViewController.swift in Sources */ = {isa = PBXBuildFile; fileRef = 9499B0572795DC7000EEDB36 /* ViewController.swift */; };
		9499B05B2795DC7000EEDB36 /* Main.storyboard in Resources */ = {isa = PBXBuildFile; fileRef = 9499B0592795DC7000EEDB36 /* Main.storyboard */; };
		9499B05D2795DC7100EEDB36 /* Assets.xcassets in Resources */ = {isa = PBXBuildFile; fileRef = 9499B05C2795DC7100EEDB36 /* Assets.xcassets */; };
		9499B0602795DC7100EEDB36 /* LaunchScreen.storyboard in Resources */ = {isa = PBXBuildFile; fileRef = 9499B05E2795DC7100EEDB36 /* LaunchScreen.storyboard */; };
		9499B06B2796B2DA00EEDB36 /* TableViewCell.swift in Sources */ = {isa = PBXBuildFile; fileRef = 9499B06A2796B2DA00EEDB36 /* TableViewCell.swift */; };
		9499B06D2796B5EA00EEDB36 /* Post.swift in Sources */ = {isa = PBXBuildFile; fileRef = 9499B06C2796B5EA00EEDB36 /* Post.swift */; };
		9499B0702796BC7D00EEDB36 /* NetworkManager.swift in Sources */ = {isa = PBXBuildFile; fileRef = 9499B06F2796BC7D00EEDB36 /* NetworkManager.swift */; };
		94B7B0A6279C5C080069A058 /* PostViewController.swift in Sources */ = {isa = PBXBuildFile; fileRef = 94B7B0A5279C5C080069A058 /* PostViewController.swift */; };
		94E046A627B28FBA00756B65 /* UIView+Layout.swift in Sources */ = {isa = PBXBuildFile; fileRef = 94E046A527B28FBA00756B65 /* UIView+Layout.swift */; };
/* End PBXBuildFile section */

/* Begin PBXFileReference section */
		9499B0502795DC7000EEDB36 /* TableView.app */ = {isa = PBXFileReference; explicitFileType = wrapper.application; includeInIndex = 0; path = TableView.app; sourceTree = BUILT_PRODUCTS_DIR; };
		9499B0532795DC7000EEDB36 /* AppDelegate.swift */ = {isa = PBXFileReference; lastKnownFileType = sourcecode.swift; path = AppDelegate.swift; sourceTree = "<group>"; };
		9499B0552795DC7000EEDB36 /* SceneDelegate.swift */ = {isa = PBXFileReference; lastKnownFileType = sourcecode.swift; path = SceneDelegate.swift; sourceTree = "<group>"; };
		9499B0572795DC7000EEDB36 /* ViewController.swift */ = {isa = PBXFileReference; lastKnownFileType = sourcecode.swift; path = ViewController.swift; sourceTree = "<group>"; };
		9499B05A2795DC7000EEDB36 /* Base */ = {isa = PBXFileReference; lastKnownFileType = file.storyboard; name = Base; path = Base.lproj/Main.storyboard; sourceTree = "<group>"; };
		9499B05C2795DC7100EEDB36 /* Assets.xcassets */ = {isa = PBXFileReference; lastKnownFileType = folder.assetcatalog; path = Assets.xcassets; sourceTree = "<group>"; };
		9499B05F2795DC7100EEDB36 /* Base */ = {isa = PBXFileReference; lastKnownFileType = file.storyboard; name = Base; path = Base.lproj/LaunchScreen.storyboard; sourceTree = "<group>"; };
		9499B0612795DC7100EEDB36 /* Info.plist */ = {isa = PBXFileReference; lastKnownFileType = text.plist.xml; path = Info.plist; sourceTree = "<group>"; };
		9499B06A2796B2DA00EEDB36 /* TableViewCell.swift */ = {isa = PBXFileReference; lastKnownFileType = sourcecode.swift; path = TableViewCell.swift; sourceTree = "<group>"; };
		9499B06C2796B5EA00EEDB36 /* Post.swift */ = {isa = PBXFileReference; lastKnownFileType = sourcecode.swift; path = Post.swift; sourceTree = "<group>"; };
		9499B06F2796BC7D00EEDB36 /* NetworkManager.swift */ = {isa = PBXFileReference; lastKnownFileType = sourcecode.swift; path = NetworkManager.swift; sourceTree = "<group>"; };
		94B7B0A5279C5C080069A058 /* PostViewController.swift */ = {isa = PBXFileReference; lastKnownFileType = sourcecode.swift; path = PostViewController.swift; sourceTree = "<group>"; };
		94E046A527B28FBA00756B65 /* UIView+Layout.swift */ = {isa = PBXFileReference; lastKnownFileType = sourcecode.swift; path = "UIView+Layout.swift"; sourceTree = "<group>"; };
/* End PBXFileReference section */

/* Begin PBXFrameworksBuildPhase section */
		9499B04D2795DC7000EEDB36 /* Frameworks */ = {
			isa = PBXFrameworksBuildPhase;
			buildActionMask = 2147483647;
			files = (
			);
			runOnlyForDeploymentPostprocessing = 0;
		};
/* End PBXFrameworksBuildPhase section */

/* Begin PBXGroup section */
		9499B0472795DC7000EEDB36 = {
			isa = PBXGroup;
			children = (
				9499B0522795DC7000EEDB36 /* TableView */,
				9499B0512795DC7000EEDB36 /* Products */,
			);
			sourceTree = "<group>";
		};
		9499B0512795DC7000EEDB36 /* Products */ = {
			isa = PBXGroup;
			children = (
				9499B0502795DC7000EEDB36 /* TableView.app */,
			);
			name = Products;
			sourceTree = "<group>";
		};
		9499B0522795DC7000EEDB36 /* TableView */ = {
			isa = PBXGroup;
			children = (
				9499B06E2796BC6400EEDB36 /* NetworkManager */,
				9499B0692796B25100EEDB36 /* Models */,
				9499B0682796B21F00EEDB36 /* ViewControllers */,
				9499B0672796B1A700EEDB36 /* Applications */,
			);
			path = TableView;
			sourceTree = "<group>";
		};
		9499B0672796B1A700EEDB36 /* Applications */ = {
			isa = PBXGroup;
			children = (
				9499B0532795DC7000EEDB36 /* AppDelegate.swift */,
				9499B0552795DC7000EEDB36 /* SceneDelegate.swift */,
				9499B0592795DC7000EEDB36 /* Main.storyboard */,
				9499B05C2795DC7100EEDB36 /* Assets.xcassets */,
				9499B05E2795DC7100EEDB36 /* LaunchScreen.storyboard */,
				9499B0612795DC7100EEDB36 /* Info.plist */,
				94E046A527B28FBA00756B65 /* UIView+Layout.swift */,
			);
			path = Applications;
			sourceTree = "<group>";
		};
		9499B0682796B21F00EEDB36 /* ViewControllers */ = {
			isa = PBXGroup;
			children = (
				9499B0572795DC7000EEDB36 /* ViewController.swift */,
				9499B06A2796B2DA00EEDB36 /* TableViewCell.swift */,
				94B7B0A5279C5C080069A058 /* PostViewController.swift */,
			);
			path = ViewControllers;
			sourceTree = "<group>";
		};
		9499B0692796B25100EEDB36 /* Models */ = {
			isa = PBXGroup;
			children = (
				9499B06C2796B5EA00EEDB36 /* Post.swift */,
			);
			path = Models;
			sourceTree = "<group>";
		};
		9499B06E2796BC6400EEDB36 /* NetworkManager */ = {
			isa = PBXGroup;
			children = (
				9499B06F2796BC7D00EEDB36 /* NetworkManager.swift */,
			);
			path = NetworkManager;
			sourceTree = "<group>";
		};
/* End PBXGroup section */

/* Begin PBXNativeTarget section */
		9499B04F2795DC7000EEDB36 /* TableView */ = {
			isa = PBXNativeTarget;
			buildConfigurationList = 9499B0642795DC7100EEDB36 /* Build configuration list for PBXNativeTarget "TableView" */;
			buildPhases = (
				9499B04C2795DC7000EEDB36 /* Sources */,
				9499B04D2795DC7000EEDB36 /* Frameworks */,
				9499B04E2795DC7000EEDB36 /* Resources */,
			);
			buildRules = (
			);
			dependencies = (
			);
			name = TableView;
			productName = TableView;
			productReference = 9499B0502795DC7000EEDB36 /* TableView.app */;
			productType = "com.apple.product-type.application";
		};
/* End PBXNativeTarget section */

/* Begin PBXProject section */
		9499B0482795DC7000EEDB36 /* Project object */ = {
			isa = PBXProject;
			attributes = {
				BuildIndependentTargetsInParallel = 1;
				LastSwiftUpdateCheck = 1320;
				LastUpgradeCheck = 1320;
				TargetAttributes = {
					9499B04F2795DC7000EEDB36 = {
						CreatedOnToolsVersion = 13.2.1;
					};
				};
			};
			buildConfigurationList = 9499B04B2795DC7000EEDB36 /* Build configuration list for PBXProject "TableView" */;
			compatibilityVersion = "Xcode 13.0";
			developmentRegion = en;
			hasScannedForEncodings = 0;
			knownRegions = (
				en,
				Base,
			);
			mainGroup = 9499B0472795DC7000EEDB36;
			productRefGroup = 9499B0512795DC7000EEDB36 /* Products */;
			projectDirPath = "";
			projectRoot = "";
			targets = (
				9499B04F2795DC7000EEDB36 /* TableView */,
			);
		};
/* End PBXProject section */

/* Begin PBXResourcesBuildPhase section */
		9499B04E2795DC7000EEDB36 /* Resources */ = {
			isa = PBXResourcesBuildPhase;
			buildActionMask = 2147483647;
			files = (
				9499B0602795DC7100EEDB36 /* LaunchScreen.storyboard in Resources */,
				9499B05D2795DC7100EEDB36 /* Assets.xcassets in Resources */,
				9499B05B2795DC7000EEDB36 /* Main.storyboard in Resources */,
			);
			runOnlyForDeploymentPostprocessing = 0;
		};
/* End PBXResourcesBuildPhase section */

/* Begin PBXSourcesBuildPhase section */
		9499B04C2795DC7000EEDB36 /* Sources */ = {
			isa = PBXSourcesBuildPhase;
			buildActionMask = 2147483647;
			files = (
				94E046A627B28FBA00756B65 /* UIView+Layout.swift in Sources */,
				9499B0702796BC7D00EEDB36 /* NetworkManager.swift in Sources */,
				9499B0582795DC7000EEDB36 /* ViewController.swift in Sources */,
				94B7B0A6279C5C080069A058 /* PostViewController.swift in Sources */,
				9499B06B2796B2DA00EEDB36 /* TableViewCell.swift in Sources */,
				9499B0542795DC7000EEDB36 /* AppDelegate.swift in Sources */,
				9499B0562795DC7000EEDB36 /* SceneDelegate.swift in Sources */,
				9499B06D2796B5EA00EEDB36 /* Post.swift in Sources */,
			);
			runOnlyForDeploymentPostprocessing = 0;
		};
/* End PBXSourcesBuildPhase section */

/* Begin PBXVariantGroup section */
		9499B0592795DC7000EEDB36 /* Main.storyboard */ = {
			isa = PBXVariantGroup;
			children = (
				9499B05A2795DC7000EEDB36 /* Base */,
			);
			name = Main.storyboard;
			sourceTree = "<group>";
		};
		9499B05E2795DC7100EEDB36 /* LaunchScreen.storyboard */ = {
			isa = PBXVariantGroup;
			children = (
				9499B05F2795DC7100EEDB36 /* Base */,
			);
			name = LaunchScreen.storyboard;
			sourceTree = "<group>";
		};
/* End PBXVariantGroup section */

/* Begin XCBuildConfiguration section */
		9499B0622795DC7100EEDB36 /* Debug */ = {
			isa = XCBuildConfiguration;
			buildSettings = {
				ALWAYS_SEARCH_USER_PATHS = NO;
				CLANG_ANALYZER_NONNULL = YES;
				CLANG_ANALYZER_NUMBER_OBJECT_CONVERSION = YES_AGGRESSIVE;
				CLANG_CXX_LANGUAGE_STANDARD = "gnu++17";
				CLANG_CXX_LIBRARY = "libc++";
				CLANG_ENABLE_MODULES = YES;
				CLANG_ENABLE_OBJC_ARC = YES;
				CLANG_ENABLE_OBJC_WEAK = YES;
				CLANG_WARN_BLOCK_CAPTURE_AUTORELEASING = YES;
				CLANG_WARN_BOOL_CONVERSION = YES;
				CLANG_WARN_COMMA = YES;
				CLANG_WARN_CONSTANT_CONVERSION = YES;
				CLANG_WARN_DEPRECATED_OBJC_IMPLEMENTATIONS = YES;
				CLANG_WARN_DIRECT_OBJC_ISA_USAGE = YES_ERROR;
				CLANG_WARN_DOCUMENTATION_COMMENTS = YES;
				CLANG_WARN_EMPTY_BODY = YES;
				CLANG_WARN_ENUM_CONVERSION = YES;
				CLANG_WARN_INFINITE_RECURSION = YES;
				CLANG_WARN_INT_CONVERSION = YES;
				CLANG_WARN_NON_LITERAL_NULL_CONVERSION = YES;
				CLANG_WARN_OBJC_IMPLICIT_RETAIN_SELF = YES;
				CLANG_WARN_OBJC_LITERAL_CONVERSION = YES;
				CLANG_WARN_OBJC_ROOT_CLASS = YES_ERROR;
				CLANG_WARN_QUOTED_INCLUDE_IN_FRAMEWORK_HEADER = YES;
				CLANG_WARN_RANGE_LOOP_ANALYSIS = YES;
				CLANG_WARN_STRICT_PROTOTYPES = YES;
				CLANG_WARN_SUSPICIOUS_MOVE = YES;
				CLANG_WARN_UNGUARDED_AVAILABILITY = YES_AGGRESSIVE;
				CLANG_WARN_UNREACHABLE_CODE = YES;
				CLANG_WARN__DUPLICATE_METHOD_MATCH = YES;
				COPY_PHASE_STRIP = NO;
				DEBUG_INFORMATION_FORMAT = dwarf;
				ENABLE_STRICT_OBJC_MSGSEND = YES;
				ENABLE_TESTABILITY = YES;
				GCC_C_LANGUAGE_STANDARD = gnu11;
				GCC_DYNAMIC_NO_PIC = NO;
				GCC_NO_COMMON_BLOCKS = YES;
				GCC_OPTIMIZATION_LEVEL = 0;
				GCC_PREPROCESSOR_DEFINITIONS = (
					"DEBUG=1",
					"$(inherited)",
				);
				GCC_WARN_64_TO_32_BIT_CONVERSION = YES;
				GCC_WARN_ABOUT_RETURN_TYPE = YES_ERROR;
				GCC_WARN_UNDECLARED_SELECTOR = YES;
				GCC_WARN_UNINITIALIZED_AUTOS = YES_AGGRESSIVE;
				GCC_WARN_UNUSED_FUNCTION = YES;
				GCC_WARN_UNUSED_VARIABLE = YES;
				IPHONEOS_DEPLOYMENT_TARGET = 15.2;
				MTL_ENABLE_DEBUG_INFO = INCLUDE_SOURCE;
				MTL_FAST_MATH = YES;
				ONLY_ACTIVE_ARCH = YES;
				SDKROOT = iphoneos;
				SWIFT_ACTIVE_COMPILATION_CONDITIONS = DEBUG;
				SWIFT_OPTIMIZATION_LEVEL = "-Onone";
			};
			name = Debug;
		};
		9499B0632795DC7100EEDB36 /* Release */ = {
			isa = XCBuildConfiguration;
			buildSettings = {
				ALWAYS_SEARCH_USER_PATHS = NO;
				CLANG_ANALYZER_NONNULL = YES;
				CLANG_ANALYZER_NUMBER_OBJECT_CONVERSION = YES_AGGRESSIVE;
				CLANG_CXX_LANGUAGE_STANDARD = "gnu++17";
				CLANG_CXX_LIBRARY = "libc++";
				CLANG_ENABLE_MODULES = YES;
				CLANG_ENABLE_OBJC_ARC = YES;
				CLANG_ENABLE_OBJC_WEAK = YES;
				CLANG_WARN_BLOCK_CAPTURE_AUTORELEASING = YES;
				CLANG_WARN_BOOL_CONVERSION = YES;
				CLANG_WARN_COMMA = YES;
				CLANG_WARN_CONSTANT_CONVERSION = YES;
				CLANG_WARN_DEPRECATED_OBJC_IMPLEMENTATIONS = YES;
				CLANG_WARN_DIRECT_OBJC_ISA_USAGE = YES_ERROR;
				CLANG_WARN_DOCUMENTATION_COMMENTS = YES;
				CLANG_WARN_EMPTY_BODY = YES;
				CLANG_WARN_ENUM_CONVERSION = YES;
				CLANG_WARN_INFINITE_RECURSION = YES;
				CLANG_WARN_INT_CONVERSION = YES;
				CLANG_WARN_NON_LITERAL_NULL_CONVERSION = YES;
				CLANG_WARN_OBJC_IMPLICIT_RETAIN_SELF = YES;
				CLANG_WARN_OBJC_LITERAL_CONVERSION = YES;
				CLANG_WARN_OBJC_ROOT_CLASS = YES_ERROR;
				CLANG_WARN_QUOTED_INCLUDE_IN_FRAMEWORK_HEADER = YES;
				CLANG_WARN_RANGE_LOOP_ANALYSIS = YES;
				CLANG_WARN_STRICT_PROTOTYPES = YES;
				CLANG_WARN_SUSPICIOUS_MOVE = YES;
				CLANG_WARN_UNGUARDED_AVAILABILITY = YES_AGGRESSIVE;
				CLANG_WARN_UNREACHABLE_CODE = YES;
				CLANG_WARN__DUPLICATE_METHOD_MATCH = YES;
				COPY_PHASE_STRIP = NO;
				DEBUG_INFORMATION_FORMAT = "dwarf-with-dsym";
				ENABLE_NS_ASSERTIONS = NO;
				ENABLE_STRICT_OBJC_MSGSEND = YES;
				GCC_C_LANGUAGE_STANDARD = gnu11;
				GCC_NO_COMMON_BLOCKS = YES;
				GCC_WARN_64_TO_32_BIT_CONVERSION = YES;
				GCC_WARN_ABOUT_RETURN_TYPE = YES_ERROR;
				GCC_WARN_UNDECLARED_SELECTOR = YES;
				GCC_WARN_UNINITIALIZED_AUTOS = YES_AGGRESSIVE;
				GCC_WARN_UNUSED_FUNCTION = YES;
				GCC_WARN_UNUSED_VARIABLE = YES;
				IPHONEOS_DEPLOYMENT_TARGET = 15.2;
				MTL_ENABLE_DEBUG_INFO = NO;
				MTL_FAST_MATH = YES;
				SDKROOT = iphoneos;
				SWIFT_COMPILATION_MODE = wholemodule;
				SWIFT_OPTIMIZATION_LEVEL = "-O";
				VALIDATE_PRODUCT = YES;
			};
			name = Release;
		};
		9499B0652795DC7100EEDB36 /* Debug */ = {
			isa = XCBuildConfiguration;
			buildSettings = {
				ASSETCATALOG_COMPILER_APPICON_NAME = AppIcon;
				ASSETCATALOG_COMPILER_GLOBAL_ACCENT_COLOR_NAME = AccentColor;
				CODE_SIGN_STYLE = Automatic;
				CURRENT_PROJECT_VERSION = 1;
				DEVELOPMENT_TEAM = 8658YBX4V7;
				GENERATE_INFOPLIST_FILE = YES;
				INFOPLIST_FILE = /Users/veronika/Desktop/xcode_course/TableView/TableView/Applications/Info.plist;
				INFOPLIST_KEY_UIApplicationSupportsIndirectInputEvents = YES;
				INFOPLIST_KEY_UILaunchStoryboardName = LaunchScreen;
				INFOPLIST_KEY_UIMainStoryboardFile = Main;
				INFOPLIST_KEY_UISupportedInterfaceOrientations_iPad = "UIInterfaceOrientationPortrait UIInterfaceOrientationPortraitUpsideDown UIInterfaceOrientationLandscapeLeft UIInterfaceOrientationLandscapeRight";
				INFOPLIST_KEY_UISupportedInterfaceOrientations_iPhone = "UIInterfaceOrientationPortrait UIInterfaceOrientationLandscapeLeft UIInterfaceOrientationLandscapeRight";
				LD_RUNPATH_SEARCH_PATHS = (
					"$(inherited)",
					"@executable_path/Frameworks",
				);
				MARKETING_VERSION = 1.0;
				PRODUCT_BUNDLE_IDENTIFIER = nika.TableView;
				PRODUCT_NAME = "$(TARGET_NAME)";
				SWIFT_EMIT_LOC_STRINGS = YES;
				SWIFT_VERSION = 5.0;
				TARGETED_DEVICE_FAMILY = "1,2";
			};
			name = Debug;
		};
		9499B0662795DC7100EEDB36 /* Release */ = {
			isa = XCBuildConfiguration;
			buildSettings = {
				ASSETCATALOG_COMPILER_APPICON_NAME = AppIcon;
				ASSETCATALOG_COMPILER_GLOBAL_ACCENT_COLOR_NAME = AccentColor;
				CODE_SIGN_STYLE = Automatic;
				CURRENT_PROJECT_VERSION = 1;
				DEVELOPMENT_TEAM = 8658YBX4V7;
				GENERATE_INFOPLIST_FILE = YES;
				INFOPLIST_FILE = /Users/veronika/Desktop/xcode_course/TableView/TableView/Applications/Info.plist;
				INFOPLIST_KEY_UIApplicationSupportsIndirectInputEvents = YES;
				INFOPLIST_KEY_UILaunchStoryboardName = LaunchScreen;
				INFOPLIST_KEY_UIMainStoryboardFile = Main;
				INFOPLIST_KEY_UISupportedInterfaceOrientations_iPad = "UIInterfaceOrientationPortrait UIInterfaceOrientationPortraitUpsideDown UIInterfaceOrientationLandscapeLeft UIInterfaceOrientationLandscapeRight";
				INFOPLIST_KEY_UISupportedInterfaceOrientations_iPhone = "UIInterfaceOrientationPortrait UIInterfaceOrientationLandscapeLeft UIInterfaceOrientationLandscapeRight";
				LD_RUNPATH_SEARCH_PATHS = (
					"$(inherited)",
					"@executable_path/Frameworks",
				);
				MARKETING_VERSION = 1.0;
				PRODUCT_BUNDLE_IDENTIFIER = nika.TableView;
				PRODUCT_NAME = "$(TARGET_NAME)";
				SWIFT_EMIT_LOC_STRINGS = YES;
				SWIFT_VERSION = 5.0;
				TARGETED_DEVICE_FAMILY = "1,2";
			};
			name = Release;
		};
/* End XCBuildConfiguration section */

/* Begin XCConfigurationList section */
		9499B04B2795DC7000EEDB36 /* Build configuration list for PBXProject "TableView" */ = {
			isa = XCConfigurationList;
			buildConfigurations = (
				9499B0622795DC7100EEDB36 /* Debug */,
				9499B0632795DC7100EEDB36 /* Release */,
			);
			defaultConfigurationIsVisible = 0;
			defaultConfigurationName = Release;
		};
		9499B0642795DC7100EEDB36 /* Build configuration list for PBXNativeTarget "TableView" */ = {
			isa = XCConfigurationList;
			buildConfigurations = (
				9499B0652795DC7100EEDB36 /* Debug */,
				9499B0662795DC7100EEDB36 /* Release */,
			);
			defaultConfigurationIsVisible = 0;
			defaultConfigurationName = Release;
		};
/* End XCConfigurationList section */
	};
	rootObject = 9499B0482795DC7000EEDB36 /* Project object */;
}
